// !$*UTF8*$!
{
	archiveVersion = 1;
	classes = {
	};
	objectVersion = 77;
	objects = {

/* Begin PBXBuildFile section */
		D04039492ED81B9E0043E7AF /* RxCocoa in Frameworks */ = {isa = PBXBuildFile; productRef = D04039482ED81B9E0043E7AF /* RxCocoa */; };
		D040394B2ED81B9E0043E7AF /* RxSwift in Frameworks */ = {isa = PBXBuildFile; productRef = D040394A2ED81B9E0043E7AF /* RxSwift */; };
		D040394E2ED81BB00043E7AF /* Alamofire in Frameworks */ = {isa = PBXBuildFile; productRef = D040394D2ED81BB00043E7AF /* Alamofire */; };
		D04039512ED81BC60043E7AF /* Kingfisher in Frameworks */ = {isa = PBXBuildFile; productRef = D04039502ED81BC60043E7AF /* Kingfisher */; };
		D04039542ED81BDA0043E7AF /* Then in Frameworks */ = {isa = PBXBuildFile; productRef = D04039532ED81BDA0043E7AF /* Then */; };
		D04039572ED81BF50043E7AF /* Factory in Frameworks */ = {isa = PBXBuildFile; productRef = D04039562ED81BF50043E7AF /* Factory */; };
/* End PBXBuildFile section */

/* Begin PBXContainerItemProxy section */
		D04039162ED814530043E7AF /* PBXContainerItemProxy */ = {
			isa = PBXContainerItemProxy;
			containerPortal = D04038FD2ED814510043E7AF /* Project object */;
			proxyType = 1;
			remoteGlobalIDString = D04039042ED814510043E7AF;
			remoteInfo = SmallChallenge;
		};
		D04039202ED814530043E7AF /* PBXContainerItemProxy */ = {
			isa = PBXContainerItemProxy;
			containerPortal = D04038FD2ED814510043E7AF /* Project object */;
			proxyType = 1;
			remoteGlobalIDString = D04039042ED814510043E7AF;
			remoteInfo = SmallChallenge;
		};
/* End PBXContainerItemProxy section */

/* Begin PBXFileReference section */
		D04039052ED814510043E7AF /* SmallChallenge.app */ = {isa = PBXFileReference; explicitFileType = wrapper.application; includeInIndex = 0; path = SmallChallenge.app; sourceTree = BUILT_PRODUCTS_DIR; };
		D04039152ED814530043E7AF /* SmallChallengeTests.xctest */ = {isa = PBXFileReference; explicitFileType = wrapper.cfbundle; includeInIndex = 0; path = SmallChallengeTests.xctest; sourceTree = BUILT_PRODUCTS_DIR; };
		D040391F2ED814530043E7AF /* SmallChallengeUITests.xctest */ = {isa = PBXFileReference; explicitFileType = wrapper.cfbundle; includeInIndex = 0; path = SmallChallengeUITests.xctest; sourceTree = BUILT_PRODUCTS_DIR; };
/* End PBXFileReference section */

/* Begin PBXFileSystemSynchronizedRootGroup section */
		D04039072ED814510043E7AF /* SmallChallenge */ = {
			isa = PBXFileSystemSynchronizedRootGroup;
			path = SmallChallenge;
			sourceTree = "<group>";
		};
		D04039182ED814530043E7AF /* SmallChallengeTests */ = {
			isa = PBXFileSystemSynchronizedRootGroup;
			path = SmallChallengeTests;
			sourceTree = "<group>";
		};
		D04039222ED814530043E7AF /* SmallChallengeUITests */ = {
			isa = PBXFileSystemSynchronizedRootGroup;
			path = SmallChallengeUITests;
			sourceTree = "<group>";
		};
/* End PBXFileSystemSynchronizedRootGroup section */

/* Begin PBXFrameworksBuildPhase section */
		D04039022ED814510043E7AF /* Frameworks */ = {
			isa = PBXFrameworksBuildPhase;
			buildActionMask = 2147483647;
			files = (
				D04039542ED81BDA0043E7AF /* Then in Frameworks */,
				D04039512ED81BC60043E7AF /* Kingfisher in Frameworks */,
				D040394E2ED81BB00043E7AF /* Alamofire in Frameworks */,
				D04039572ED81BF50043E7AF /* Factory in Frameworks */,
				D040394B2ED81B9E0043E7AF /* RxSwift in Frameworks */,
				D04039492ED81B9E0043E7AF /* RxCocoa in Frameworks */,
			);
			runOnlyForDeploymentPostprocessing = 0;
		};
		D04039122ED814530043E7AF /* Frameworks */ = {
			isa = PBXFrameworksBuildPhase;
			buildActionMask = 2147483647;
			files = (
			);
			runOnlyForDeploymentPostprocessing = 0;
		};
		D040391C2ED814530043E7AF /* Frameworks */ = {
			isa = PBXFrameworksBuildPhase;
			buildActionMask = 2147483647;
			files = (
			);
			runOnlyForDeploymentPostprocessing = 0;
		};
/* End PBXFrameworksBuildPhase section */

/* Begin PBXGroup section */
		D04038FC2ED814510043E7AF = {
			isa = PBXGroup;
			children = (
				D04039072ED814510043E7AF /* SmallChallenge */,
				D04039182ED814530043E7AF /* SmallChallengeTests */,
				D04039222ED814530043E7AF /* SmallChallengeUITests */,
				D04039062ED814510043E7AF /* Products */,
			);
			sourceTree = "<group>";
		};
		D04039062ED814510043E7AF /* Products */ = {
			isa = PBXGroup;
			children = (
				D04039052ED814510043E7AF /* SmallChallenge.app */,
				D04039152ED814530043E7AF /* SmallChallengeTests.xctest */,
				D040391F2ED814530043E7AF /* SmallChallengeUITests.xctest */,
			);
			name = Products;
			sourceTree = "<group>";
		};
/* End PBXGroup section */

/* Begin PBXNativeTarget section */
		D04039042ED814510043E7AF /* SmallChallenge */ = {
			isa = PBXNativeTarget;
			buildConfigurationList = D04039292ED814530043E7AF /* Build configuration list for PBXNativeTarget "SmallChallenge" */;
			buildPhases = (
				D04039012ED814510043E7AF /* Sources */,
				D04039022ED814510043E7AF /* Frameworks */,
				D04039032ED814510043E7AF /* Resources */,
			);
			buildRules = (
			);
			dependencies = (
			);
			fileSystemSynchronizedGroups = (
				D04039072ED814510043E7AF /* SmallChallenge */,
			);
			name = SmallChallenge;
			packageProductDependencies = (
				D04039482ED81B9E0043E7AF /* RxCocoa */,
				D040394A2ED81B9E0043E7AF /* RxSwift */,
				D040394D2ED81BB00043E7AF /* Alamofire */,
				D04039502ED81BC60043E7AF /* Kingfisher */,
				D04039532ED81BDA0043E7AF /* Then */,
				D04039562ED81BF50043E7AF /* Factory */,
			);
			productName = SmallChallenge;
			productReference = D04039052ED814510043E7AF /* SmallChallenge.app */;
			productType = "com.apple.product-type.application";
		};
		D04039142ED814530043E7AF /* SmallChallengeTests */ = {
			isa = PBXNativeTarget;
			buildConfigurationList = D040392C2ED814530043E7AF /* Build configuration list for PBXNativeTarget "SmallChallengeTests" */;
			buildPhases = (
				D04039112ED814530043E7AF /* Sources */,
				D04039122ED814530043E7AF /* Frameworks */,
				D04039132ED814530043E7AF /* Resources */,
			);
			buildRules = (
			);
			dependencies = (
				D04039172ED814530043E7AF /* PBXTargetDependency */,
			);
			fileSystemSynchronizedGroups = (
				D04039182ED814530043E7AF /* SmallChallengeTests */,
			);
			name = SmallChallengeTests;
			packageProductDependencies = (
			);
			productName = SmallChallengeTests;
			productReference = D04039152ED814530043E7AF /* SmallChallengeTests.xctest */;
			productType = "com.apple.product-type.bundle.unit-test";
		};
		D040391E2ED814530043E7AF /* SmallChallengeUITests */ = {
			isa = PBXNativeTarget;
			buildConfigurationList = D040392F2ED814530043E7AF /* Build configuration list for PBXNativeTarget "SmallChallengeUITests" */;
			buildPhases = (
				D040391B2ED814530043E7AF /* Sources */,
				D040391C2ED814530043E7AF /* Frameworks */,
				D040391D2ED814530043E7AF /* Resources */,
			);
			buildRules = (
			);
			dependencies = (
				D04039212ED814530043E7AF /* PBXTargetDependency */,
			);
			fileSystemSynchronizedGroups = (
				D04039222ED814530043E7AF /* SmallChallengeUITests */,
			);
			name = SmallChallengeUITests;
			packageProductDependencies = (
			);
			productName = SmallChallengeUITests;
			productReference = D040391F2ED814530043E7AF /* SmallChallengeUITests.xctest */;
			productType = "com.apple.product-type.bundle.ui-testing";
		};
/* End PBXNativeTarget section */

/* Begin PBXProject section */
		D04038FD2ED814510043E7AF /* Project object */ = {
			isa = PBXProject;
			attributes = {
				BuildIndependentTargetsInParallel = 1;
				LastSwiftUpdateCheck = 1600;
				LastUpgradeCheck = 1600;
				TargetAttributes = {
					D04039042ED814510043E7AF = {
						CreatedOnToolsVersion = 16.0;
					};
					D04039142ED814530043E7AF = {
						CreatedOnToolsVersion = 16.0;
						TestTargetID = D04039042ED814510043E7AF;
					};
					D040391E2ED814530043E7AF = {
						CreatedOnToolsVersion = 16.0;
						TestTargetID = D04039042ED814510043E7AF;
					};
				};
			};
			buildConfigurationList = D04039002ED814510043E7AF /* Build configuration list for PBXProject "SmallChallenge" */;
			developmentRegion = en;
			hasScannedForEncodings = 0;
			knownRegions = (
				en,
				Base,
			);
			mainGroup = D04038FC2ED814510043E7AF;
			minimizedProjectReferenceProxies = 1;
			packageReferences = (
				D04039472ED81B9E0043E7AF /* XCRemoteSwiftPackageReference "RxSwift" */,
				D040394C2ED81BB00043E7AF /* XCRemoteSwiftPackageReference "Alamofire" */,
				D040394F2ED81BC60043E7AF /* XCRemoteSwiftPackageReference "Kingfisher" */,
				D04039522ED81BDA0043E7AF /* XCRemoteSwiftPackageReference "Then" */,
				D04039552ED81BF50043E7AF /* XCRemoteSwiftPackageReference "Factory" */,
			);
			preferredProjectObjectVersion = 77;
			productRefGroup = D04039062ED814510043E7AF /* Products */;
			projectDirPath = "";
			projectRoot = "";
			targets = (
				D04039042ED814510043E7AF /* SmallChallenge */,
				D04039142ED814530043E7AF /* SmallChallengeTests */,
				D040391E2ED814530043E7AF /* SmallChallengeUITests */,
			);
		};
/* End PBXProject section */

/* Begin PBXResourcesBuildPhase section */
		D04039032ED814510043E7AF /* Resources */ = {
			isa = PBXResourcesBuildPhase;
			buildActionMask = 2147483647;
			files = (
			);
			runOnlyForDeploymentPostprocessing = 0;
		};
		D04039132ED814530043E7AF /* Resources */ = {
			isa = PBXResourcesBuildPhase;
			buildActionMask = 2147483647;
			files = (
			);
			runOnlyForDeploymentPostprocessing = 0;
		};
		D040391D2ED814530043E7AF /* Resources */ = {
			isa = PBXResourcesBuildPhase;
			buildActionMask = 2147483647;
			files = (
			);
			runOnlyForDeploymentPostprocessing = 0;
		};
/* End PBXResourcesBuildPhase section */

/* Begin PBXSourcesBuildPhase section */
		D04039012ED814510043E7AF /* Sources */ = {
			isa = PBXSourcesBuildPhase;
			buildActionMask = 2147483647;
			files = (
			);
			runOnlyForDeploymentPostprocessing = 0;
		};
		D04039112ED814530043E7AF /* Sources */ = {
			isa = PBXSourcesBuildPhase;
			buildActionMask = 2147483647;
			files = (
			);
			runOnlyForDeploymentPostprocessing = 0;
		};
		D040391B2ED814530043E7AF /* Sources */ = {
			isa = PBXSourcesBuildPhase;
			buildActionMask = 2147483647;
			files = (
			);
			runOnlyForDeploymentPostprocessing = 0;
		};
/* End PBXSourcesBuildPhase section */

/* Begin PBXTargetDependency section */
		D04039172ED814530043E7AF /* PBXTargetDependency */ = {
			isa = PBXTargetDependency;
			target = D04039042ED814510043E7AF /* SmallChallenge */;
			targetProxy = D04039162ED814530043E7AF /* PBXContainerItemProxy */;
		};
		D04039212ED814530043E7AF /* PBXTargetDependency */ = {
			isa = PBXTargetDependency;
			target = D04039042ED814510043E7AF /* SmallChallenge */;
			targetProxy = D04039202ED814530043E7AF /* PBXContainerItemProxy */;
		};
/* End PBXTargetDependency section */

/* Begin XCBuildConfiguration section */
		D04039272ED814530043E7AF /* Debug */ = {
			isa = XCBuildConfiguration;
			buildSettings = {
				ALWAYS_SEARCH_USER_PATHS = NO;
				ASSETCATALOG_COMPILER_GENERATE_SWIFT_ASSET_SYMBOL_EXTENSIONS = YES;
				CLANG_ANALYZER_NONNULL = YES;
				CLANG_ANALYZER_NUMBER_OBJECT_CONVERSION = YES_AGGRESSIVE;
				CLANG_CXX_LANGUAGE_STANDARD = "gnu++20";
				CLANG_ENABLE_MODULES = YES;
				CLANG_ENABLE_OBJC_ARC = YES;
				CLANG_ENABLE_OBJC_WEAK = YES;
				CLANG_WARN_BLOCK_CAPTURE_AUTORELEASING = YES;
				CLANG_WARN_BOOL_CONVERSION = YES;
				CLANG_WARN_COMMA = YES;
				CLANG_WARN_CONSTANT_CONVERSION = YES;
				CLANG_WARN_DEPRECATED_OBJC_IMPLEMENTATIONS = YES;
				CLANG_WARN_DIRECT_OBJC_ISA_USAGE = YES_ERROR;
				CLANG_WARN_DOCUMENTATION_COMMENTS = YES;
				CLANG_WARN_EMPTY_BODY = YES;
				CLANG_WARN_ENUM_CONVERSION = YES;
				CLANG_WARN_INFINITE_RECURSION = YES;
				CLANG_WARN_INT_CONVERSION = YES;
				CLANG_WARN_NON_LITERAL_NULL_CONVERSION = YES;
				CLANG_WARN_OBJC_IMPLICIT_RETAIN_SELF = YES;
				CLANG_WARN_OBJC_LITERAL_CONVERSION = YES;
				CLANG_WARN_OBJC_ROOT_CLASS = YES_ERROR;
				CLANG_WARN_QUOTED_INCLUDE_IN_FRAMEWORK_HEADER = YES;
				CLANG_WARN_RANGE_LOOP_ANALYSIS = YES;
				CLANG_WARN_STRICT_PROTOTYPES = YES;
				CLANG_WARN_SUSPICIOUS_MOVE = YES;
				CLANG_WARN_UNGUARDED_AVAILABILITY = YES_AGGRESSIVE;
				CLANG_WARN_UNREACHABLE_CODE = YES;
				CLANG_WARN__DUPLICATE_METHOD_MATCH = YES;
				COPY_PHASE_STRIP = NO;
				DEBUG_INFORMATION_FORMAT = dwarf;
				ENABLE_STRICT_OBJC_MSGSEND = YES;
				ENABLE_TESTABILITY = YES;
				ENABLE_USER_SCRIPT_SANDBOXING = YES;
				GCC_C_LANGUAGE_STANDARD = gnu17;
				GCC_DYNAMIC_NO_PIC = NO;
				GCC_NO_COMMON_BLOCKS = YES;
				GCC_OPTIMIZATION_LEVEL = 0;
				GCC_PREPROCESSOR_DEFINITIONS = (
					"DEBUG=1",
					"$(inherited)",
				);
				GCC_WARN_64_TO_32_BIT_CONVERSION = YES;
				GCC_WARN_ABOUT_RETURN_TYPE = YES_ERROR;
				GCC_WARN_UNDECLARED_SELECTOR = YES;
				GCC_WARN_UNINITIALIZED_AUTOS = YES_AGGRESSIVE;
				GCC_WARN_UNUSED_FUNCTION = YES;
				GCC_WARN_UNUSED_VARIABLE = YES;
				IPHONEOS_DEPLOYMENT_TARGET = 18.0;
				LOCALIZATION_PREFERS_STRING_CATALOGS = YES;
				MTL_ENABLE_DEBUG_INFO = INCLUDE_SOURCE;
				MTL_FAST_MATH = YES;
				ONLY_ACTIVE_ARCH = YES;
				SDKROOT = iphoneos;
				SWIFT_ACTIVE_COMPILATION_CONDITIONS = "DEBUG $(inherited)";
				SWIFT_OPTIMIZATION_LEVEL = "-Onone";
			};
			name = Debug;
		};
		D04039282ED814530043E7AF /* Release */ = {
			isa = XCBuildConfiguration;
			buildSettings = {
				ALWAYS_SEARCH_USER_PATHS = NO;
				ASSETCATALOG_COMPILER_GENERATE_SWIFT_ASSET_SYMBOL_EXTENSIONS = YES;
				CLANG_ANALYZER_NONNULL = YES;
				CLANG_ANALYZER_NUMBER_OBJECT_CONVERSION = YES_AGGRESSIVE;
				CLANG_CXX_LANGUAGE_STANDARD = "gnu++20";
				CLANG_ENABLE_MODULES = YES;
				CLANG_ENABLE_OBJC_ARC = YES;
				CLANG_ENABLE_OBJC_WEAK = YES;
				CLANG_WARN_BLOCK_CAPTURE_AUTORELEASING = YES;
				CLANG_WARN_BOOL_CONVERSION = YES;
				CLANG_WARN_COMMA = YES;
				CLANG_WARN_CONSTANT_CONVERSION = YES;
				CLANG_WARN_DEPRECATED_OBJC_IMPLEMENTATIONS = YES;
				CLANG_WARN_DIRECT_OBJC_ISA_USAGE = YES_ERROR;
				CLANG_WARN_DOCUMENTATION_COMMENTS = YES;
				CLANG_WARN_EMPTY_BODY = YES;
				CLANG_WARN_ENUM_CONVERSION = YES;
				CLANG_WARN_INFINITE_RECURSION = YES;
				CLANG_WARN_INT_CONVERSION = YES;
				CLANG_WARN_NON_LITERAL_NULL_CONVERSION = YES;
				CLANG_WARN_OBJC_IMPLICIT_RETAIN_SELF = YES;
				CLANG_WARN_OBJC_LITERAL_CONVERSION = YES;
				CLANG_WARN_OBJC_ROOT_CLASS = YES_ERROR;
				CLANG_WARN_QUOTED_INCLUDE_IN_FRAMEWORK_HEADER = YES;
				CLANG_WARN_RANGE_LOOP_ANALYSIS = YES;
				CLANG_WARN_STRICT_PROTOTYPES = YES;
				CLANG_WARN_SUSPICIOUS_MOVE = YES;
				CLANG_WARN_UNGUARDED_AVAILABILITY = YES_AGGRESSIVE;
				CLANG_WARN_UNREACHABLE_CODE = YES;
				CLANG_WARN__DUPLICATE_METHOD_MATCH = YES;
				COPY_PHASE_STRIP = NO;
				DEBUG_INFORMATION_FORMAT = "dwarf-with-dsym";
				ENABLE_NS_ASSERTIONS = NO;
				ENABLE_STRICT_OBJC_MSGSEND = YES;
				ENABLE_USER_SCRIPT_SANDBOXING = YES;
				GCC_C_LANGUAGE_STANDARD = gnu17;
				GCC_NO_COMMON_BLOCKS = YES;
				GCC_WARN_64_TO_32_BIT_CONVERSION = YES;
				GCC_WARN_ABOUT_RETURN_TYPE = YES_ERROR;
				GCC_WARN_UNDECLARED_SELECTOR = YES;
				GCC_WARN_UNINITIALIZED_AUTOS = YES_AGGRESSIVE;
				GCC_WARN_UNUSED_FUNCTION = YES;
				GCC_WARN_UNUSED_VARIABLE = YES;
				IPHONEOS_DEPLOYMENT_TARGET = 18.0;
				LOCALIZATION_PREFERS_STRING_CATALOGS = YES;
				MTL_ENABLE_DEBUG_INFO = NO;
				MTL_FAST_MATH = YES;
				SDKROOT = iphoneos;
				SWIFT_COMPILATION_MODE = wholemodule;
				VALIDATE_PRODUCT = YES;
			};
			name = Release;
		};
		D040392A2ED814530043E7AF /* Debug */ = {
			isa = XCBuildConfiguration;
			buildSettings = {
				ASSETCATALOG_COMPILER_APPICON_NAME = AppIcon;
				ASSETCATALOG_COMPILER_GLOBAL_ACCENT_COLOR_NAME = AccentColor;
				CODE_SIGN_STYLE = Automatic;
				CURRENT_PROJECT_VERSION = 1;
				DEVELOPMENT_ASSET_PATHS = "\"SmallChallenge/Preview Content\"";
				DEVELOPMENT_TEAM = 4XPB5Y5D44;
				ENABLE_PREVIEWS = YES;
				GENERATE_INFOPLIST_FILE = YES;
				INFOPLIST_KEY_UIApplicationSceneManifest_Generation = YES;
				INFOPLIST_KEY_UIApplicationSupportsIndirectInputEvents = YES;
				INFOPLIST_KEY_UILaunchScreen_Generation = YES;
				INFOPLIST_KEY_UISupportedInterfaceOrientations_iPad = "UIInterfaceOrientationPortrait UIInterfaceOrientationPortraitUpsideDown UIInterfaceOrientationLandscapeLeft UIInterfaceOrientationLandscapeRight";
				INFOPLIST_KEY_UISupportedInterfaceOrientations_iPhone = "UIInterfaceOrientationPortrait UIInterfaceOrientationLandscapeLeft UIInterfaceOrientationLandscapeRight";
				IPHONEOS_DEPLOYMENT_TARGET = 15.6;
				LD_RUNPATH_SEARCH_PATHS = (
					"$(inherited)",
					"@executable_path/Frameworks",
				);
				MARKETING_VERSION = 1.0;
				PRODUCT_BUNDLE_IDENTIFIER = swpy7team.SmallChallenge;
				PRODUCT_NAME = "$(TARGET_NAME)";
				SWIFT_EMIT_LOC_STRINGS = YES;
				SWIFT_VERSION = 5.0;
				TARGETED_DEVICE_FAMILY = "1,2";
			};
			name = Debug;
		};
		D040392B2ED814530043E7AF /* Release */ = {
			isa = XCBuildConfiguration;
			buildSettings = {
				ASSETCATALOG_COMPILER_APPICON_NAME = AppIcon;
				ASSETCATALOG_COMPILER_GLOBAL_ACCENT_COLOR_NAME = AccentColor;
				CODE_SIGN_STYLE = Automatic;
				CURRENT_PROJECT_VERSION = 1;
				DEVELOPMENT_ASSET_PATHS = "\"SmallChallenge/Preview Content\"";
				DEVELOPMENT_TEAM = 4XPB5Y5D44;
				ENABLE_PREVIEWS = YES;
				GENERATE_INFOPLIST_FILE = YES;
				INFOPLIST_KEY_UIApplicationSceneManifest_Generation = YES;
				INFOPLIST_KEY_UIApplicationSupportsIndirectInputEvents = YES;
				INFOPLIST_KEY_UILaunchScreen_Generation = YES;
				INFOPLIST_KEY_UISupportedInterfaceOrientations_iPad = "UIInterfaceOrientationPortrait UIInterfaceOrientationPortraitUpsideDown UIInterfaceOrientationLandscapeLeft UIInterfaceOrientationLandscapeRight";
				INFOPLIST_KEY_UISupportedInterfaceOrientations_iPhone = "UIInterfaceOrientationPortrait UIInterfaceOrientationLandscapeLeft UIInterfaceOrientationLandscapeRight";
				IPHONEOS_DEPLOYMENT_TARGET = 15.6;
				LD_RUNPATH_SEARCH_PATHS = (
					"$(inherited)",
					"@executable_path/Frameworks",
				);
				MARKETING_VERSION = 1.0;
				PRODUCT_BUNDLE_IDENTIFIER = swpy7team.SmallChallenge;
				PRODUCT_NAME = "$(TARGET_NAME)";
				SWIFT_EMIT_LOC_STRINGS = YES;
				SWIFT_VERSION = 5.0;
				TARGETED_DEVICE_FAMILY = "1,2";
			};
			name = Release;
		};
		D040392D2ED814530043E7AF /* Debug */ = {
			isa = XCBuildConfiguration;
			buildSettings = {
				BUNDLE_LOADER = "$(TEST_HOST)";
				CODE_SIGN_STYLE = Automatic;
				CURRENT_PROJECT_VERSION = 1;
				DEVELOPMENT_TEAM = 4XPB5Y5D44;
				GENERATE_INFOPLIST_FILE = YES;
				IPHONEOS_DEPLOYMENT_TARGET = 18.0;
				MARKETING_VERSION = 1.0;
				PRODUCT_BUNDLE_IDENTIFIER = swpy7team.SmallChallengeTests;
				PRODUCT_NAME = "$(TARGET_NAME)";
				SWIFT_EMIT_LOC_STRINGS = NO;
				SWIFT_VERSION = 5.0;
				TARGETED_DEVICE_FAMILY = "1,2";
				TEST_HOST = "$(BUILT_PRODUCTS_DIR)/SmallChallenge.app/$(BUNDLE_EXECUTABLE_FOLDER_PATH)/SmallChallenge";
			};
			name = Debug;
		};
		D040392E2ED814530043E7AF /* Release */ = {
			isa = XCBuildConfiguration;
			buildSettings = {
				BUNDLE_LOADER = "$(TEST_HOST)";
				CODE_SIGN_STYLE = Automatic;
				CURRENT_PROJECT_VERSION = 1;
				DEVELOPMENT_TEAM = 4XPB5Y5D44;
				GENERATE_INFOPLIST_FILE = YES;
				IPHONEOS_DEPLOYMENT_TARGET = 18.0;
				MARKETING_VERSION = 1.0;
				PRODUCT_BUNDLE_IDENTIFIER = swpy7team.SmallChallengeTests;
				PRODUCT_NAME = "$(TARGET_NAME)";
				SWIFT_EMIT_LOC_STRINGS = NO;
				SWIFT_VERSION = 5.0;
				TARGETED_DEVICE_FAMILY = "1,2";
				TEST_HOST = "$(BUILT_PRODUCTS_DIR)/SmallChallenge.app/$(BUNDLE_EXECUTABLE_FOLDER_PATH)/SmallChallenge";
			};
			name = Release;
		};
		D04039302ED814530043E7AF /* Debug */ = {
			isa = XCBuildConfiguration;
			buildSettings = {
				CODE_SIGN_STYLE = Automatic;
				CURRENT_PROJECT_VERSION = 1;
				DEVELOPMENT_TEAM = 4XPB5Y5D44;
				GENERATE_INFOPLIST_FILE = YES;
				MARKETING_VERSION = 1.0;
				PRODUCT_BUNDLE_IDENTIFIER = swpy7team.SmallChallengeUITests;
				PRODUCT_NAME = "$(TARGET_NAME)";
				SWIFT_EMIT_LOC_STRINGS = NO;
				SWIFT_VERSION = 5.0;
				TARGETED_DEVICE_FAMILY = "1,2";
				TEST_TARGET_NAME = SmallChallenge;
			};
			name = Debug;
		};
		D04039312ED814530043E7AF /* Release */ = {
			isa = XCBuildConfiguration;
			buildSettings = {
				CODE_SIGN_STYLE = Automatic;
				CURRENT_PROJECT_VERSION = 1;
				DEVELOPMENT_TEAM = 4XPB5Y5D44;
				GENERATE_INFOPLIST_FILE = YES;
				MARKETING_VERSION = 1.0;
				PRODUCT_BUNDLE_IDENTIFIER = swpy7team.SmallChallengeUITests;
				PRODUCT_NAME = "$(TARGET_NAME)";
				SWIFT_EMIT_LOC_STRINGS = NO;
				SWIFT_VERSION = 5.0;
				TARGETED_DEVICE_FAMILY = "1,2";
				TEST_TARGET_NAME = SmallChallenge;
			};
			name = Release;
		};
/* End XCBuildConfiguration section */

/* Begin XCConfigurationList section */
		D04039002ED814510043E7AF /* Build configuration list for PBXProject "SmallChallenge" */ = {
			isa = XCConfigurationList;
			buildConfigurations = (
				D04039272ED814530043E7AF /* Debug */,
				D04039282ED814530043E7AF /* Release */,
			);
			defaultConfigurationIsVisible = 0;
			defaultConfigurationName = Release;
		};
		D04039292ED814530043E7AF /* Build configuration list for PBXNativeTarget "SmallChallenge" */ = {
			isa = XCConfigurationList;
			buildConfigurations = (
				D040392A2ED814530043E7AF /* Debug */,
				D040392B2ED814530043E7AF /* Release */,
			);
			defaultConfigurationIsVisible = 0;
			defaultConfigurationName = Release;
		};
		D040392C2ED814530043E7AF /* Build configuration list for PBXNativeTarget "SmallChallengeTests" */ = {
			isa = XCConfigurationList;
			buildConfigurations = (
				D040392D2ED814530043E7AF /* Debug */,
				D040392E2ED814530043E7AF /* Release */,
			);
			defaultConfigurationIsVisible = 0;
			defaultConfigurationName = Release;
		};
		D040392F2ED814530043E7AF /* Build configuration list for PBXNativeTarget "SmallChallengeUITests" */ = {
			isa = XCConfigurationList;
			buildConfigurations = (
				D04039302ED814530043E7AF /* Debug */,
				D04039312ED814530043E7AF /* Release */,
			);
			defaultConfigurationIsVisible = 0;
			defaultConfigurationName = Release;
		};
/* End XCConfigurationList section */

/* Begin XCRemoteSwiftPackageReference section */
		D04039472ED81B9E0043E7AF /* XCRemoteSwiftPackageReference "RxSwift" */ = {
			isa = XCRemoteSwiftPackageReference;
			repositoryURL = "https://github.com/ReactiveX/RxSwift";
			requirement = {
				kind = upToNextMajorVersion;
				minimumVersion = 6.9.1;
			};
		};
		D040394C2ED81BB00043E7AF /* XCRemoteSwiftPackageReference "Alamofire" */ = {
			isa = XCRemoteSwiftPackageReference;
			repositoryURL = "https://github.com/Alamofire/Alamofire";
			requirement = {
				kind = upToNextMajorVersion;
				minimumVersion = 5.10.2;
			};
		};
		D040394F2ED81BC60043E7AF /* XCRemoteSwiftPackageReference "Kingfisher" */ = {
			isa = XCRemoteSwiftPackageReference;
			repositoryURL = "https://github.com/onevcat/Kingfisher";
			requirement = {
				kind = upToNextMajorVersion;
				minimumVersion = 8.6.2;
			};
		};
		D04039522ED81BDA0043E7AF /* XCRemoteSwiftPackageReference "Then" */ = {
			isa = XCRemoteSwiftPackageReference;
			repositoryURL = "https://github.com/devxoul/Then";
			requirement = {
				kind = upToNextMajorVersion;
				minimumVersion = 3.0.0;
			};
		};
		D04039552ED81BF50043E7AF /* XCRemoteSwiftPackageReference "Factory" */ = {
			isa = XCRemoteSwiftPackageReference;
			repositoryURL = "https://github.com/hmlongco/Factory";
			requirement = {
				kind = upToNextMajorVersion;
				minimumVersion = 2.5.3;
			};
		};
/* End XCRemoteSwiftPackageReference section */

/* Begin XCSwiftPackageProductDependency section */
		D04039482ED81B9E0043E7AF /* RxCocoa */ = {
			isa = XCSwiftPackageProductDependency;
			package = D04039472ED81B9E0043E7AF /* XCRemoteSwiftPackageReference "RxSwift" */;
			productName = RxCocoa;
		};
		D040394A2ED81B9E0043E7AF /* RxSwift */ = {
			isa = XCSwiftPackageProductDependency;
			package = D04039472ED81B9E0043E7AF /* XCRemoteSwiftPackageReference "RxSwift" */;
			productName = RxSwift;
		};
		D040394D2ED81BB00043E7AF /* Alamofire */ = {
			isa = XCSwiftPackageProductDependency;
			package = D040394C2ED81BB00043E7AF /* XCRemoteSwiftPackageReference "Alamofire" */;
			productName = Alamofire;
		};
		D04039502ED81BC60043E7AF /* Kingfisher */ = {
			isa = XCSwiftPackageProductDependency;
			package = D040394F2ED81BC60043E7AF /* XCRemoteSwiftPackageReference "Kingfisher" */;
			productName = Kingfisher;
		};
		D04039532ED81BDA0043E7AF /* Then */ = {
			isa = XCSwiftPackageProductDependency;
			package = D04039522ED81BDA0043E7AF /* XCRemoteSwiftPackageReference "Then" */;
			productName = Then;
		};
		D04039562ED81BF50043E7AF /* Factory */ = {
			isa = XCSwiftPackageProductDependency;
			package = D04039552ED81BF50043E7AF /* XCRemoteSwiftPackageReference "Factory" */;
			productName = Factory;
		};
/* End XCSwiftPackageProductDependency section */
	};
	rootObject = D04038FD2ED814510043E7AF /* Project object */;
}
