// !$*UTF8*$!
{
	archiveVersion = 1;
	classes = {
	};
	objectVersion = 77;
	objects = {

/* Begin PBXBuildFile section */
		D09119332EF9516C00214271 /* Secrets.xcconfig in Resources */ = {isa = PBXBuildFile; fileRef = D09119322EF9516C00214271 /* Secrets.xcconfig */; };
		D0AB7D342EF8092700963A12 /* GoogleSignIn in Frameworks */ = {isa = PBXBuildFile; productRef = D0AB7D332EF8092700963A12 /* GoogleSignIn */; };
		D0AB7D362EF8092700963A12 /* GoogleSignInSwift in Frameworks */ = {isa = PBXBuildFile; productRef = D0AB7D352EF8092700963A12 /* GoogleSignInSwift */; };
		D0AB7E4C2EF80BA900963A12 /* KakaoSDK in Frameworks */ = {isa = PBXBuildFile; productRef = D0AB7E4B2EF80BA900963A12 /* KakaoSDK */; };
		D0AB7E4E2EF80BA900963A12 /* KakaoSDKAuth in Frameworks */ = {isa = PBXBuildFile; productRef = D0AB7E4D2EF80BA900963A12 /* KakaoSDKAuth */; };
		D0DAF8BE2EE150D20040F646 /* Kingfisher in Frameworks */ = {isa = PBXBuildFile; productRef = D0DAF8BD2EE150D20040F646 /* Kingfisher */; };
		D0DAF8C12EE150E20040F646 /* Alamofire in Frameworks */ = {isa = PBXBuildFile; productRef = D0DAF8C02EE150E20040F646 /* Alamofire */; };
		D0DAF8C42EE150EE0040F646 /* Then in Frameworks */ = {isa = PBXBuildFile; productRef = D0DAF8C32EE150EE0040F646 /* Then */; };
/* End PBXBuildFile section */

/* Begin PBXContainerItemProxy section */
		D0DAF8862EE149E80040F646 /* PBXContainerItemProxy */ = {
			isa = PBXContainerItemProxy;
			containerPortal = D0DAF8702EE149E70040F646 /* Project object */;
			proxyType = 1;
			remoteGlobalIDString = D0DAF8772EE149E70040F646;
			remoteInfo = TimeStamp;
		};
		D0DAF8902EE149E80040F646 /* PBXContainerItemProxy */ = {
			isa = PBXContainerItemProxy;
			containerPortal = D0DAF8702EE149E70040F646 /* Project object */;
			proxyType = 1;
			remoteGlobalIDString = D0DAF8772EE149E70040F646;
			remoteInfo = TimeStamp;
		};
/* End PBXContainerItemProxy section */

/* Begin PBXFileReference section */
		D09119322EF9516C00214271 /* Secrets.xcconfig */ = {isa = PBXFileReference; lastKnownFileType = text.xcconfig; path = Secrets.xcconfig; sourceTree = "<group>"; };
		D0DAF8782EE149E70040F646 /* TimeStamp.app */ = {isa = PBXFileReference; explicitFileType = wrapper.application; includeInIndex = 0; path = TimeStamp.app; sourceTree = BUILT_PRODUCTS_DIR; };
		D0DAF8852EE149E80040F646 /* TimeStampTests.xctest */ = {isa = PBXFileReference; explicitFileType = wrapper.cfbundle; includeInIndex = 0; path = TimeStampTests.xctest; sourceTree = BUILT_PRODUCTS_DIR; };
		D0DAF88F2EE149E80040F646 /* TimeStampUITests.xctest */ = {isa = PBXFileReference; explicitFileType = wrapper.cfbundle; includeInIndex = 0; path = TimeStampUITests.xctest; sourceTree = BUILT_PRODUCTS_DIR; };
/* End PBXFileReference section */

/* Begin PBXFileSystemSynchronizedBuildFileExceptionSet section */
		D0D4FFE02EEED82900C9C425 /* Exceptions for "TimeStamp" folder in "TimeStamp" target */ = {
			isa = PBXFileSystemSynchronizedBuildFileExceptionSet;
			membershipExceptions = (
				Info.plist,
			);
			target = D0DAF8772EE149E70040F646 /* TimeStamp */;
		};
/* End PBXFileSystemSynchronizedBuildFileExceptionSet section */

/* Begin PBXFileSystemSynchronizedRootGroup section */
		D0DAF87A2EE149E70040F646 /* TimeStamp */ = {
			isa = PBXFileSystemSynchronizedRootGroup;
			exceptions = (
				D0D4FFE02EEED82900C9C425 /* Exceptions for "TimeStamp" folder in "TimeStamp" target */,
			);
			path = TimeStamp;
			sourceTree = "<group>";
		};
		D0DAF8882EE149E80040F646 /* TimeStampTests */ = {
			isa = PBXFileSystemSynchronizedRootGroup;
			path = TimeStampTests;
			sourceTree = "<group>";
		};
		D0DAF8922EE149E80040F646 /* TimeStampUITests */ = {
			isa = PBXFileSystemSynchronizedRootGroup;
			path = TimeStampUITests;
			sourceTree = "<group>";
		};
/* End PBXFileSystemSynchronizedRootGroup section */

/* Begin PBXFrameworksBuildPhase section */
		D0DAF8752EE149E70040F646 /* Frameworks */ = {
			isa = PBXFrameworksBuildPhase;
			buildActionMask = 2147483647;
			files = (
				D0AB7E4E2EF80BA900963A12 /* KakaoSDKAuth in Frameworks */,
				D0AB7D362EF8092700963A12 /* GoogleSignInSwift in Frameworks */,
				D0DAF8BE2EE150D20040F646 /* Kingfisher in Frameworks */,
				D0AB7D342EF8092700963A12 /* GoogleSignIn in Frameworks */,
				D0DAF8C42EE150EE0040F646 /* Then in Frameworks */,
				D0DAF8C12EE150E20040F646 /* Alamofire in Frameworks */,
				D0AB7E4C2EF80BA900963A12 /* KakaoSDK in Frameworks */,
			);
			runOnlyForDeploymentPostprocessing = 0;
		};
		D0DAF8822EE149E80040F646 /* Frameworks */ = {
			isa = PBXFrameworksBuildPhase;
			buildActionMask = 2147483647;
			files = (
			);
			runOnlyForDeploymentPostprocessing = 0;
		};
		D0DAF88C2EE149E80040F646 /* Frameworks */ = {
			isa = PBXFrameworksBuildPhase;
			buildActionMask = 2147483647;
			files = (
			);
			runOnlyForDeploymentPostprocessing = 0;
		};
/* End PBXFrameworksBuildPhase section */

/* Begin PBXGroup section */
		D0DAF86F2EE149E70040F646 = {
			isa = PBXGroup;
			children = (
				D0DAF87A2EE149E70040F646 /* TimeStamp */,
				D0DAF8882EE149E80040F646 /* TimeStampTests */,
				D0DAF8922EE149E80040F646 /* TimeStampUITests */,
				D0DAF8792EE149E70040F646 /* Products */,
				D09119322EF9516C00214271 /* Secrets.xcconfig */,
			);
			sourceTree = "<group>";
		};
		D0DAF8792EE149E70040F646 /* Products */ = {
			isa = PBXGroup;
			children = (
				D0DAF8782EE149E70040F646 /* TimeStamp.app */,
				D0DAF8852EE149E80040F646 /* TimeStampTests.xctest */,
				D0DAF88F2EE149E80040F646 /* TimeStampUITests.xctest */,
			);
			name = Products;
			sourceTree = "<group>";
		};
/* End PBXGroup section */

/* Begin PBXNativeTarget section */
		D0DAF8772EE149E70040F646 /* TimeStamp */ = {
			isa = PBXNativeTarget;
			buildConfigurationList = D0DAF8992EE149E80040F646 /* Build configuration list for PBXNativeTarget "TimeStamp" */;
			buildPhases = (
				D0DAF8742EE149E70040F646 /* Sources */,
				D0DAF8752EE149E70040F646 /* Frameworks */,
				D0DAF8762EE149E70040F646 /* Resources */,
			);
			buildRules = (
			);
			dependencies = (
			);
			fileSystemSynchronizedGroups = (
				D0DAF87A2EE149E70040F646 /* TimeStamp */,
			);
			name = TimeStamp;
			packageProductDependencies = (
				D0DAF8BD2EE150D20040F646 /* Kingfisher */,
				D0DAF8C02EE150E20040F646 /* Alamofire */,
				D0DAF8C32EE150EE0040F646 /* Then */,
				D0AB7D332EF8092700963A12 /* GoogleSignIn */,
				D0AB7D352EF8092700963A12 /* GoogleSignInSwift */,
				D0AB7E4B2EF80BA900963A12 /* KakaoSDK */,
				D0AB7E4D2EF80BA900963A12 /* KakaoSDKAuth */,
			);
			productName = TimeStamp;
			productReference = D0DAF8782EE149E70040F646 /* TimeStamp.app */;
			productType = "com.apple.product-type.application";
		};
		D0DAF8842EE149E80040F646 /* TimeStampTests */ = {
			isa = PBXNativeTarget;
			buildConfigurationList = D0DAF89C2EE149E80040F646 /* Build configuration list for PBXNativeTarget "TimeStampTests" */;
			buildPhases = (
				D0DAF8812EE149E80040F646 /* Sources */,
				D0DAF8822EE149E80040F646 /* Frameworks */,
				D0DAF8832EE149E80040F646 /* Resources */,
			);
			buildRules = (
			);
			dependencies = (
				D0DAF8872EE149E80040F646 /* PBXTargetDependency */,
			);
			fileSystemSynchronizedGroups = (
				D0DAF8882EE149E80040F646 /* TimeStampTests */,
			);
			name = TimeStampTests;
			packageProductDependencies = (
			);
			productName = TimeStampTests;
			productReference = D0DAF8852EE149E80040F646 /* TimeStampTests.xctest */;
			productType = "com.apple.product-type.bundle.unit-test";
		};
		D0DAF88E2EE149E80040F646 /* TimeStampUITests */ = {
			isa = PBXNativeTarget;
			buildConfigurationList = D0DAF89F2EE149E80040F646 /* Build configuration list for PBXNativeTarget "TimeStampUITests" */;
			buildPhases = (
				D0DAF88B2EE149E80040F646 /* Sources */,
				D0DAF88C2EE149E80040F646 /* Frameworks */,
				D0DAF88D2EE149E80040F646 /* Resources */,
			);
			buildRules = (
			);
			dependencies = (
				D0DAF8912EE149E80040F646 /* PBXTargetDependency */,
			);
			fileSystemSynchronizedGroups = (
				D0DAF8922EE149E80040F646 /* TimeStampUITests */,
			);
			name = TimeStampUITests;
			packageProductDependencies = (
			);
			productName = TimeStampUITests;
			productReference = D0DAF88F2EE149E80040F646 /* TimeStampUITests.xctest */;
			productType = "com.apple.product-type.bundle.ui-testing";
		};
/* End PBXNativeTarget section */

/* Begin PBXProject section */
		D0DAF8702EE149E70040F646 /* Project object */ = {
			isa = PBXProject;
			attributes = {
				BuildIndependentTargetsInParallel = 1;
				LastSwiftUpdateCheck = 2610;
				LastUpgradeCheck = 2610;
				TargetAttributes = {
					D0DAF8772EE149E70040F646 = {
						CreatedOnToolsVersion = 26.1.1;
					};
					D0DAF8842EE149E80040F646 = {
						CreatedOnToolsVersion = 26.1.1;
						TestTargetID = D0DAF8772EE149E70040F646;
					};
					D0DAF88E2EE149E80040F646 = {
						CreatedOnToolsVersion = 26.1.1;
						TestTargetID = D0DAF8772EE149E70040F646;
					};
				};
			};
			buildConfigurationList = D0DAF8732EE149E70040F646 /* Build configuration list for PBXProject "TimeStamp" */;
			developmentRegion = en;
			hasScannedForEncodings = 0;
			knownRegions = (
				en,
				Base,
			);
			mainGroup = D0DAF86F2EE149E70040F646;
			minimizedProjectReferenceProxies = 1;
			packageReferences = (
				D0DAF8BC2EE150D20040F646 /* XCRemoteSwiftPackageReference "Kingfisher" */,
				D0DAF8BF2EE150E20040F646 /* XCRemoteSwiftPackageReference "Alamofire" */,
				D0DAF8C22EE150EE0040F646 /* XCRemoteSwiftPackageReference "Then" */,
				D0AB7D322EF8092700963A12 /* XCRemoteSwiftPackageReference "GoogleSignIn-iOS" */,
				D0AB7E4A2EF80BA900963A12 /* XCRemoteSwiftPackageReference "kakao-ios-sdk" */,
			);
			preferredProjectObjectVersion = 77;
			productRefGroup = D0DAF8792EE149E70040F646 /* Products */;
			projectDirPath = "";
			projectRoot = "";
			targets = (
				D0DAF8772EE149E70040F646 /* TimeStamp */,
				D0DAF8842EE149E80040F646 /* TimeStampTests */,
				D0DAF88E2EE149E80040F646 /* TimeStampUITests */,
			);
		};
/* End PBXProject section */

/* Begin PBXResourcesBuildPhase section */
		D0DAF8762EE149E70040F646 /* Resources */ = {
			isa = PBXResourcesBuildPhase;
			buildActionMask = 2147483647;
			files = (
				D09119332EF9516C00214271 /* Secrets.xcconfig in Resources */,
			);
			runOnlyForDeploymentPostprocessing = 0;
		};
		D0DAF8832EE149E80040F646 /* Resources */ = {
			isa = PBXResourcesBuildPhase;
			buildActionMask = 2147483647;
			files = (
			);
			runOnlyForDeploymentPostprocessing = 0;
		};
		D0DAF88D2EE149E80040F646 /* Resources */ = {
			isa = PBXResourcesBuildPhase;
			buildActionMask = 2147483647;
			files = (
			);
			runOnlyForDeploymentPostprocessing = 0;
		};
/* End PBXResourcesBuildPhase section */

/* Begin PBXSourcesBuildPhase section */
		D0DAF8742EE149E70040F646 /* Sources */ = {
			isa = PBXSourcesBuildPhase;
			buildActionMask = 2147483647;
			files = (
			);
			runOnlyForDeploymentPostprocessing = 0;
		};
		D0DAF8812EE149E80040F646 /* Sources */ = {
			isa = PBXSourcesBuildPhase;
			buildActionMask = 2147483647;
			files = (
			);
			runOnlyForDeploymentPostprocessing = 0;
		};
		D0DAF88B2EE149E80040F646 /* Sources */ = {
			isa = PBXSourcesBuildPhase;
			buildActionMask = 2147483647;
			files = (
			);
			runOnlyForDeploymentPostprocessing = 0;
		};
/* End PBXSourcesBuildPhase section */

/* Begin PBXTargetDependency section */
		D0DAF8872EE149E80040F646 /* PBXTargetDependency */ = {
			isa = PBXTargetDependency;
			target = D0DAF8772EE149E70040F646 /* TimeStamp */;
			targetProxy = D0DAF8862EE149E80040F646 /* PBXContainerItemProxy */;
		};
		D0DAF8912EE149E80040F646 /* PBXTargetDependency */ = {
			isa = PBXTargetDependency;
			target = D0DAF8772EE149E70040F646 /* TimeStamp */;
			targetProxy = D0DAF8902EE149E80040F646 /* PBXContainerItemProxy */;
		};
/* End PBXTargetDependency section */

/* Begin XCBuildConfiguration section */
		D0DAF8972EE149E80040F646 /* Debug */ = {
			isa = XCBuildConfiguration;
			baseConfigurationReference = D09119322EF9516C00214271 /* Secrets.xcconfig */;
			buildSettings = {
				ALWAYS_SEARCH_USER_PATHS = NO;
				ASSETCATALOG_COMPILER_GENERATE_SWIFT_ASSET_SYMBOL_EXTENSIONS = YES;
				CLANG_ANALYZER_NONNULL = YES;
				CLANG_ANALYZER_NUMBER_OBJECT_CONVERSION = YES_AGGRESSIVE;
				CLANG_CXX_LANGUAGE_STANDARD = "gnu++20";
				CLANG_ENABLE_MODULES = YES;
				CLANG_ENABLE_OBJC_ARC = YES;
				CLANG_ENABLE_OBJC_WEAK = YES;
				CLANG_WARN_BLOCK_CAPTURE_AUTORELEASING = YES;
				CLANG_WARN_BOOL_CONVERSION = YES;
				CLANG_WARN_COMMA = YES;
				CLANG_WARN_CONSTANT_CONVERSION = YES;
				CLANG_WARN_DEPRECATED_OBJC_IMPLEMENTATIONS = YES;
				CLANG_WARN_DIRECT_OBJC_ISA_USAGE = YES_ERROR;
				CLANG_WARN_DOCUMENTATION_COMMENTS = YES;
				CLANG_WARN_EMPTY_BODY = YES;
				CLANG_WARN_ENUM_CONVERSION = YES;
				CLANG_WARN_INFINITE_RECURSION = YES;
				CLANG_WARN_INT_CONVERSION = YES;
				CLANG_WARN_NON_LITERAL_NULL_CONVERSION = YES;
				CLANG_WARN_OBJC_IMPLICIT_RETAIN_SELF = YES;
				CLANG_WARN_OBJC_LITERAL_CONVERSION = YES;
				CLANG_WARN_OBJC_ROOT_CLASS = YES_ERROR;
				CLANG_WARN_QUOTED_INCLUDE_IN_FRAMEWORK_HEADER = YES;
				CLANG_WARN_RANGE_LOOP_ANALYSIS = YES;
				CLANG_WARN_STRICT_PROTOTYPES = YES;
				CLANG_WARN_SUSPICIOUS_MOVE = YES;
				CLANG_WARN_UNGUARDED_AVAILABILITY = YES_AGGRESSIVE;
				CLANG_WARN_UNREACHABLE_CODE = YES;
				CLANG_WARN__DUPLICATE_METHOD_MATCH = YES;
				COPY_PHASE_STRIP = NO;
				DEBUG_INFORMATION_FORMAT = dwarf;
				DEVELOPMENT_TEAM = 4XPB5Y5D44;
				ENABLE_STRICT_OBJC_MSGSEND = YES;
				ENABLE_TESTABILITY = YES;
				ENABLE_USER_SCRIPT_SANDBOXING = YES;
				GCC_C_LANGUAGE_STANDARD = gnu17;
				GCC_DYNAMIC_NO_PIC = NO;
				GCC_NO_COMMON_BLOCKS = YES;
				GCC_OPTIMIZATION_LEVEL = 0;
				GCC_PREPROCESSOR_DEFINITIONS = (
					"DEBUG=1",
					"$(inherited)",
				);
				GCC_WARN_64_TO_32_BIT_CONVERSION = YES;
				GCC_WARN_ABOUT_RETURN_TYPE = YES_ERROR;
				GCC_WARN_UNDECLARED_SELECTOR = YES;
				GCC_WARN_UNINITIALIZED_AUTOS = YES_AGGRESSIVE;
				GCC_WARN_UNUSED_FUNCTION = YES;
				GCC_WARN_UNUSED_VARIABLE = YES;
				IPHONEOS_DEPLOYMENT_TARGET = 26.1;
				LOCALIZATION_PREFERS_STRING_CATALOGS = YES;
				MTL_ENABLE_DEBUG_INFO = INCLUDE_SOURCE;
				MTL_FAST_MATH = YES;
				ONLY_ACTIVE_ARCH = YES;
				SDKROOT = iphoneos;
				SWIFT_ACTIVE_COMPILATION_CONDITIONS = "DEBUG $(inherited)";
				SWIFT_OPTIMIZATION_LEVEL = "-Onone";
			};
			name = Debug;
		};
		D0DAF8982EE149E80040F646 /* Release */ = {
			isa = XCBuildConfiguration;
			baseConfigurationReference = D09119322EF9516C00214271 /* Secrets.xcconfig */;
			buildSettings = {
				ALWAYS_SEARCH_USER_PATHS = NO;
				ASSETCATALOG_COMPILER_GENERATE_SWIFT_ASSET_SYMBOL_EXTENSIONS = YES;
				CLANG_ANALYZER_NONNULL = YES;
				CLANG_ANALYZER_NUMBER_OBJECT_CONVERSION = YES_AGGRESSIVE;
				CLANG_CXX_LANGUAGE_STANDARD = "gnu++20";
				CLANG_ENABLE_MODULES = YES;
				CLANG_ENABLE_OBJC_ARC = YES;
				CLANG_ENABLE_OBJC_WEAK = YES;
				CLANG_WARN_BLOCK_CAPTURE_AUTORELEASING = YES;
				CLANG_WARN_BOOL_CONVERSION = YES;
				CLANG_WARN_COMMA = YES;
				CLANG_WARN_CONSTANT_CONVERSION = YES;
				CLANG_WARN_DEPRECATED_OBJC_IMPLEMENTATIONS = YES;
				CLANG_WARN_DIRECT_OBJC_ISA_USAGE = YES_ERROR;
				CLANG_WARN_DOCUMENTATION_COMMENTS = YES;
				CLANG_WARN_EMPTY_BODY = YES;
				CLANG_WARN_ENUM_CONVERSION = YES;
				CLANG_WARN_INFINITE_RECURSION = YES;
				CLANG_WARN_INT_CONVERSION = YES;
				CLANG_WARN_NON_LITERAL_NULL_CONVERSION = YES;
				CLANG_WARN_OBJC_IMPLICIT_RETAIN_SELF = YES;
				CLANG_WARN_OBJC_LITERAL_CONVERSION = YES;
				CLANG_WARN_OBJC_ROOT_CLASS = YES_ERROR;
				CLANG_WARN_QUOTED_INCLUDE_IN_FRAMEWORK_HEADER = YES;
				CLANG_WARN_RANGE_LOOP_ANALYSIS = YES;
				CLANG_WARN_STRICT_PROTOTYPES = YES;
				CLANG_WARN_SUSPICIOUS_MOVE = YES;
				CLANG_WARN_UNGUARDED_AVAILABILITY = YES_AGGRESSIVE;
				CLANG_WARN_UNREACHABLE_CODE = YES;
				CLANG_WARN__DUPLICATE_METHOD_MATCH = YES;
				COPY_PHASE_STRIP = NO;
				DEBUG_INFORMATION_FORMAT = "dwarf-with-dsym";
				DEVELOPMENT_TEAM = 4XPB5Y5D44;
				ENABLE_NS_ASSERTIONS = NO;
				ENABLE_STRICT_OBJC_MSGSEND = YES;
				ENABLE_USER_SCRIPT_SANDBOXING = YES;
				GCC_C_LANGUAGE_STANDARD = gnu17;
				GCC_NO_COMMON_BLOCKS = YES;
				GCC_WARN_64_TO_32_BIT_CONVERSION = YES;
				GCC_WARN_ABOUT_RETURN_TYPE = YES_ERROR;
				GCC_WARN_UNDECLARED_SELECTOR = YES;
				GCC_WARN_UNINITIALIZED_AUTOS = YES_AGGRESSIVE;
				GCC_WARN_UNUSED_FUNCTION = YES;
				GCC_WARN_UNUSED_VARIABLE = YES;
				IPHONEOS_DEPLOYMENT_TARGET = 26.1;
				LOCALIZATION_PREFERS_STRING_CATALOGS = YES;
				MTL_ENABLE_DEBUG_INFO = NO;
				MTL_FAST_MATH = YES;
				SDKROOT = iphoneos;
				SWIFT_COMPILATION_MODE = wholemodule;
				VALIDATE_PRODUCT = YES;
			};
			name = Release;
		};
		D0DAF89A2EE149E80040F646 /* Debug */ = {
			isa = XCBuildConfiguration;
			buildSettings = {
				ASSETCATALOG_COMPILER_APPICON_NAME = AppIcon;
				ASSETCATALOG_COMPILER_GLOBAL_ACCENT_COLOR_NAME = AccentColor;
				CODE_SIGN_ENTITLEMENTS = TimeStamp/TimeStamp.entitlements;
				CODE_SIGN_IDENTITY = "Apple Development";
				CODE_SIGN_STYLE = Automatic;
				CURRENT_PROJECT_VERSION = 1;
				DEVELOPMENT_TEAM = 3PVV8DQPL6;
				ENABLE_PREVIEWS = YES;
				GENERATE_INFOPLIST_FILE = YES;
				INFOPLIST_FILE = TimeStamp/Info.plist;
				INFOPLIST_KEY_CFBundleDisplayName = Stampy;
				INFOPLIST_KEY_ITSAppUsesNonExemptEncryption = NO;
				INFOPLIST_KEY_LSApplicationCategoryType = "public.app-category.lifestyle";
				INFOPLIST_KEY_NSCameraUsageDescription = "사진 촬영을 위해 카메라 접근 권한을 허용해 주세요.";
				INFOPLIST_KEY_NSPhotoLibraryAddUsageDescription = "촬영한 사진을 갤러리에 저장하기 위해 앨범 접근 권한을 허용해 주세요.";
				INFOPLIST_KEY_NSPhotoLibraryUsageDescription = "사진에 타임스탬프를 적용하기 위해 앨범 권한을 허용해 주세요.";
				INFOPLIST_KEY_UIApplicationSceneManifest_Generation = YES;
				INFOPLIST_KEY_UIApplicationSupportsIndirectInputEvents = YES;
				INFOPLIST_KEY_UILaunchScreen_Generation = YES;
				INFOPLIST_KEY_UISupportedInterfaceOrientations_iPad = "UIInterfaceOrientationPortrait UIInterfaceOrientationPortraitUpsideDown UIInterfaceOrientationLandscapeLeft UIInterfaceOrientationLandscapeRight";
				INFOPLIST_KEY_UISupportedInterfaceOrientations_iPhone = "UIInterfaceOrientationPortrait UIInterfaceOrientationLandscapeLeft UIInterfaceOrientationLandscapeRight";
				IPHONEOS_DEPLOYMENT_TARGET = 15.6;
				LD_RUNPATH_SEARCH_PATHS = (
					"$(inherited)",
					"@executable_path/Frameworks",
				);
				MARKETING_VERSION = 1.0.0;
				PRODUCT_BUNDLE_IDENTIFIER = com.swyp.stampic;
				PRODUCT_NAME = "$(TARGET_NAME)";
				PROVISIONING_PROFILE_SPECIFIER = "";
				STRING_CATALOG_GENERATE_SYMBOLS = YES;
				SUPPORTED_PLATFORMS = "iphoneos iphonesimulator";
				SUPPORTS_MACCATALYST = NO;
				SUPPORTS_MAC_DESIGNED_FOR_IPHONE_IPAD = NO;
				SUPPORTS_XR_DESIGNED_FOR_IPHONE_IPAD = NO;
				SWIFT_APPROACHABLE_CONCURRENCY = YES;
				SWIFT_DEFAULT_ACTOR_ISOLATION = MainActor;
				SWIFT_EMIT_LOC_STRINGS = YES;
				SWIFT_UPCOMING_FEATURE_MEMBER_IMPORT_VISIBILITY = YES;
				SWIFT_VERSION = 5.0;
				TARGETED_DEVICE_FAMILY = "1,2";
			};
			name = Debug;
		};
		D0DAF89B2EE149E80040F646 /* Release */ = {
			isa = XCBuildConfiguration;
			buildSettings = {
				ASSETCATALOG_COMPILER_APPICON_NAME = AppIcon;
				ASSETCATALOG_COMPILER_GLOBAL_ACCENT_COLOR_NAME = AccentColor;
				CODE_SIGN_ENTITLEMENTS = TimeStamp/TimeStamp.entitlements;
				CODE_SIGN_IDENTITY = "Apple Development";
				CODE_SIGN_STYLE = Automatic;
				CURRENT_PROJECT_VERSION = 1;
				DEVELOPMENT_TEAM = 3PVV8DQPL6;
				ENABLE_PREVIEWS = YES;
				GENERATE_INFOPLIST_FILE = YES;
				INFOPLIST_FILE = TimeStamp/Info.plist;
				INFOPLIST_KEY_CFBundleDisplayName = Stampy;
				INFOPLIST_KEY_ITSAppUsesNonExemptEncryption = NO;
				INFOPLIST_KEY_LSApplicationCategoryType = "public.app-category.lifestyle";
				INFOPLIST_KEY_NSCameraUsageDescription = "사진 촬영을 위해 카메라 접근 권한을 허용해 주세요.";
				INFOPLIST_KEY_NSPhotoLibraryAddUsageDescription = "촬영한 사진을 갤러리에 저장하기 위해 앨범 접근 권한을 허용해 주세요.";
				INFOPLIST_KEY_NSPhotoLibraryUsageDescription = "사진에 타임스탬프를 적용하기 위해 앨범 권한을 허용해 주세요.";
				INFOPLIST_KEY_UIApplicationSceneManifest_Generation = YES;
				INFOPLIST_KEY_UIApplicationSupportsIndirectInputEvents = YES;
				INFOPLIST_KEY_UILaunchScreen_Generation = YES;
				INFOPLIST_KEY_UISupportedInterfaceOrientations_iPad = "UIInterfaceOrientationPortrait UIInterfaceOrientationPortraitUpsideDown UIInterfaceOrientationLandscapeLeft UIInterfaceOrientationLandscapeRight";
				INFOPLIST_KEY_UISupportedInterfaceOrientations_iPhone = "UIInterfaceOrientationPortrait UIInterfaceOrientationLandscapeLeft UIInterfaceOrientationLandscapeRight";
				IPHONEOS_DEPLOYMENT_TARGET = 15.6;
				LD_RUNPATH_SEARCH_PATHS = (
					"$(inherited)",
					"@executable_path/Frameworks",
				);
				MARKETING_VERSION = 1.0.0;
				PRODUCT_BUNDLE_IDENTIFIER = com.swyp.stampic;
				PRODUCT_NAME = "$(TARGET_NAME)";
				PROVISIONING_PROFILE_SPECIFIER = "";
				STRING_CATALOG_GENERATE_SYMBOLS = YES;
				SUPPORTED_PLATFORMS = "iphoneos iphonesimulator";
				SUPPORTS_MACCATALYST = NO;
				SUPPORTS_MAC_DESIGNED_FOR_IPHONE_IPAD = NO;
				SUPPORTS_XR_DESIGNED_FOR_IPHONE_IPAD = NO;
				SWIFT_APPROACHABLE_CONCURRENCY = YES;
				SWIFT_DEFAULT_ACTOR_ISOLATION = MainActor;
				SWIFT_EMIT_LOC_STRINGS = YES;
				SWIFT_UPCOMING_FEATURE_MEMBER_IMPORT_VISIBILITY = YES;
				SWIFT_VERSION = 5.0;
				TARGETED_DEVICE_FAMILY = "1,2";
			};
			name = Release;
		};
		D0DAF89D2EE149E80040F646 /* Debug */ = {
			isa = XCBuildConfiguration;
			buildSettings = {
				BUNDLE_LOADER = "$(TEST_HOST)";
				CODE_SIGN_STYLE = Automatic;
				CURRENT_PROJECT_VERSION = 1;
				DEVELOPMENT_TEAM = 4XPB5Y5D44;
				GENERATE_INFOPLIST_FILE = YES;
				IPHONEOS_DEPLOYMENT_TARGET = 26.1;
				MARKETING_VERSION = 1.0;
				PRODUCT_BUNDLE_IDENTIFIER = swpy7team.TimeStampTests;
				PRODUCT_NAME = "$(TARGET_NAME)";
				STRING_CATALOG_GENERATE_SYMBOLS = NO;
				SWIFT_APPROACHABLE_CONCURRENCY = YES;
				SWIFT_EMIT_LOC_STRINGS = NO;
				SWIFT_UPCOMING_FEATURE_MEMBER_IMPORT_VISIBILITY = YES;
				SWIFT_VERSION = 5.0;
				TARGETED_DEVICE_FAMILY = "1,2";
				TEST_HOST = "$(BUILT_PRODUCTS_DIR)/TimeStamp.app/$(BUNDLE_EXECUTABLE_FOLDER_PATH)/TimeStamp";
			};
			name = Debug;
		};
		D0DAF89E2EE149E80040F646 /* Release */ = {
			isa = XCBuildConfiguration;
			buildSettings = {
				BUNDLE_LOADER = "$(TEST_HOST)";
				CODE_SIGN_STYLE = Automatic;
				CURRENT_PROJECT_VERSION = 1;
				DEVELOPMENT_TEAM = 4XPB5Y5D44;
				GENERATE_INFOPLIST_FILE = YES;
				IPHONEOS_DEPLOYMENT_TARGET = 26.1;
				MARKETING_VERSION = 1.0;
				PRODUCT_BUNDLE_IDENTIFIER = swpy7team.TimeStampTests;
				PRODUCT_NAME = "$(TARGET_NAME)";
				STRING_CATALOG_GENERATE_SYMBOLS = NO;
				SWIFT_APPROACHABLE_CONCURRENCY = YES;
				SWIFT_EMIT_LOC_STRINGS = NO;
				SWIFT_UPCOMING_FEATURE_MEMBER_IMPORT_VISIBILITY = YES;
				SWIFT_VERSION = 5.0;
				TARGETED_DEVICE_FAMILY = "1,2";
				TEST_HOST = "$(BUILT_PRODUCTS_DIR)/TimeStamp.app/$(BUNDLE_EXECUTABLE_FOLDER_PATH)/TimeStamp";
			};
			name = Release;
		};
		D0DAF8A02EE149E80040F646 /* Debug */ = {
			isa = XCBuildConfiguration;
			buildSettings = {
				CODE_SIGN_STYLE = Automatic;
				CURRENT_PROJECT_VERSION = 1;
				DEVELOPMENT_TEAM = 4XPB5Y5D44;
				GENERATE_INFOPLIST_FILE = YES;
				MARKETING_VERSION = 1.0;
				PRODUCT_BUNDLE_IDENTIFIER = swpy7team.TimeStampUITests;
				PRODUCT_NAME = "$(TARGET_NAME)";
				STRING_CATALOG_GENERATE_SYMBOLS = NO;
				SWIFT_APPROACHABLE_CONCURRENCY = YES;
				SWIFT_EMIT_LOC_STRINGS = NO;
				SWIFT_UPCOMING_FEATURE_MEMBER_IMPORT_VISIBILITY = YES;
				SWIFT_VERSION = 5.0;
				TARGETED_DEVICE_FAMILY = "1,2";
				TEST_TARGET_NAME = TimeStamp;
			};
			name = Debug;
		};
		D0DAF8A12EE149E80040F646 /* Release */ = {
			isa = XCBuildConfiguration;
			buildSettings = {
				CODE_SIGN_STYLE = Automatic;
				CURRENT_PROJECT_VERSION = 1;
				DEVELOPMENT_TEAM = 4XPB5Y5D44;
				GENERATE_INFOPLIST_FILE = YES;
				MARKETING_VERSION = 1.0;
				PRODUCT_BUNDLE_IDENTIFIER = swpy7team.TimeStampUITests;
				PRODUCT_NAME = "$(TARGET_NAME)";
				STRING_CATALOG_GENERATE_SYMBOLS = NO;
				SWIFT_APPROACHABLE_CONCURRENCY = YES;
				SWIFT_EMIT_LOC_STRINGS = NO;
				SWIFT_UPCOMING_FEATURE_MEMBER_IMPORT_VISIBILITY = YES;
				SWIFT_VERSION = 5.0;
				TARGETED_DEVICE_FAMILY = "1,2";
				TEST_TARGET_NAME = TimeStamp;
			};
			name = Release;
		};
/* End XCBuildConfiguration section */

/* Begin XCConfigurationList section */
		D0DAF8732EE149E70040F646 /* Build configuration list for PBXProject "TimeStamp" */ = {
			isa = XCConfigurationList;
			buildConfigurations = (
				D0DAF8972EE149E80040F646 /* Debug */,
				D0DAF8982EE149E80040F646 /* Release */,
			);
			defaultConfigurationIsVisible = 0;
			defaultConfigurationName = Release;
		};
		D0DAF8992EE149E80040F646 /* Build configuration list for PBXNativeTarget "TimeStamp" */ = {
			isa = XCConfigurationList;
			buildConfigurations = (
				D0DAF89A2EE149E80040F646 /* Debug */,
				D0DAF89B2EE149E80040F646 /* Release */,
			);
			defaultConfigurationIsVisible = 0;
			defaultConfigurationName = Release;
		};
		D0DAF89C2EE149E80040F646 /* Build configuration list for PBXNativeTarget "TimeStampTests" */ = {
			isa = XCConfigurationList;
			buildConfigurations = (
				D0DAF89D2EE149E80040F646 /* Debug */,
				D0DAF89E2EE149E80040F646 /* Release */,
			);
			defaultConfigurationIsVisible = 0;
			defaultConfigurationName = Release;
		};
		D0DAF89F2EE149E80040F646 /* Build configuration list for PBXNativeTarget "TimeStampUITests" */ = {
			isa = XCConfigurationList;
			buildConfigurations = (
				D0DAF8A02EE149E80040F646 /* Debug */,
				D0DAF8A12EE149E80040F646 /* Release */,
			);
			defaultConfigurationIsVisible = 0;
			defaultConfigurationName = Release;
		};
/* End XCConfigurationList section */

/* Begin XCRemoteSwiftPackageReference section */
		D0AB7D322EF8092700963A12 /* XCRemoteSwiftPackageReference "GoogleSignIn-iOS" */ = {
			isa = XCRemoteSwiftPackageReference;
			repositoryURL = "https://github.com/google/GoogleSignIn-iOS";
			requirement = {
				kind = upToNextMajorVersion;
				minimumVersion = 9.0.0;
			};
		};
		D0AB7E4A2EF80BA900963A12 /* XCRemoteSwiftPackageReference "kakao-ios-sdk" */ = {
			isa = XCRemoteSwiftPackageReference;
			repositoryURL = "https://github.com/kakao/kakao-ios-sdk";
			requirement = {
				branch = master;
				kind = branch;
			};
		};
		D0DAF8BC2EE150D20040F646 /* XCRemoteSwiftPackageReference "Kingfisher" */ = {
			isa = XCRemoteSwiftPackageReference;
			repositoryURL = "https://github.com/onevcat/Kingfisher";
			requirement = {
				kind = upToNextMajorVersion;
				minimumVersion = 8.6.2;
			};
		};
		D0DAF8BF2EE150E20040F646 /* XCRemoteSwiftPackageReference "Alamofire" */ = {
			isa = XCRemoteSwiftPackageReference;
			repositoryURL = "https://github.com/Alamofire/Alamofire";
			requirement = {
				kind = upToNextMajorVersion;
				minimumVersion = 5.10.2;
			};
		};
		D0DAF8C22EE150EE0040F646 /* XCRemoteSwiftPackageReference "Then" */ = {
			isa = XCRemoteSwiftPackageReference;
			repositoryURL = "https://github.com/devxoul/Then";
			requirement = {
				kind = upToNextMajorVersion;
				minimumVersion = 3.0.0;
			};
		};
/* End XCRemoteSwiftPackageReference section */

/* Begin XCSwiftPackageProductDependency section */
		D0AB7D332EF8092700963A12 /* GoogleSignIn */ = {
			isa = XCSwiftPackageProductDependency;
			package = D0AB7D322EF8092700963A12 /* XCRemoteSwiftPackageReference "GoogleSignIn-iOS" */;
			productName = GoogleSignIn;
		};
		D0AB7D352EF8092700963A12 /* GoogleSignInSwift */ = {
			isa = XCSwiftPackageProductDependency;
			package = D0AB7D322EF8092700963A12 /* XCRemoteSwiftPackageReference "GoogleSignIn-iOS" */;
			productName = GoogleSignInSwift;
		};
		D0AB7E4B2EF80BA900963A12 /* KakaoSDK */ = {
			isa = XCSwiftPackageProductDependency;
			package = D0AB7E4A2EF80BA900963A12 /* XCRemoteSwiftPackageReference "kakao-ios-sdk" */;
			productName = KakaoSDK;
		};
		D0AB7E4D2EF80BA900963A12 /* KakaoSDKAuth */ = {
			isa = XCSwiftPackageProductDependency;
			package = D0AB7E4A2EF80BA900963A12 /* XCRemoteSwiftPackageReference "kakao-ios-sdk" */;
			productName = KakaoSDKAuth;
		};
		D0DAF8BD2EE150D20040F646 /* Kingfisher */ = {
			isa = XCSwiftPackageProductDependency;
			package = D0DAF8BC2EE150D20040F646 /* XCRemoteSwiftPackageReference "Kingfisher" */;
			productName = Kingfisher;
		};
		D0DAF8C02EE150E20040F646 /* Alamofire */ = {
			isa = XCSwiftPackageProductDependency;
			package = D0DAF8BF2EE150E20040F646 /* XCRemoteSwiftPackageReference "Alamofire" */;
			productName = Alamofire;
		};
		D0DAF8C32EE150EE0040F646 /* Then */ = {
			isa = XCSwiftPackageProductDependency;
			package = D0DAF8C22EE150EE0040F646 /* XCRemoteSwiftPackageReference "Then" */;
			productName = Then;
		};
/* End XCSwiftPackageProductDependency section */
	};
	rootObject = D0DAF8702EE149E70040F646 /* Project object */;
}
